{
  "requires": true,
  "lockfileVersion": 1,
  "dependencies": {
    "@firebase/auth": {
      "version": "0.16.6",
      "resolved": "https://registry.npmjs.org/@firebase/auth/-/auth-0.16.6.tgz",
      "integrity": "sha512-1Lj3AY40Z2weCK6FuJqUEkeVJpRaaCo1LT6P5s3VIR99PDYLHeMm2m02rBaskE7ralJA975Vkv7sHrpykRfDrA==",
      "requires": {
        "@firebase/auth-types": "0.10.3"
      }
    },
    "@firebase/auth-types": {
      "version": "0.10.3",
      "resolved": "https://registry.npmjs.org/@firebase/auth-types/-/auth-types-0.10.3.tgz",
      "integrity": "sha512-zExrThRqyqGUbXOFrH/sowuh2rRtfKHp9SBVY2vOqKWdCX1Ztn682n9WLtlUDsiYVIbBcwautYWk2HyCGFv0OA=="
    }
  }
}
